
Microsoft Visual Studio Solution File, Format Version 12.00
# Visual Studio Version 17
VisualStudioVersion = 17.8.34511.84
MinimumVisualStudioVersion = 10.0.40219.1
Project("{2150E333-8FDC-42A3-9474-1A3956D46DE8}") = "Backend", "Backend", "{2BB15F92-688F-495A-9397-255B1CD745EF}"
EndProject
Project("{2150E333-8FDC-42A3-9474-1A3956D46DE8}") = "Frontend", "Frontend", "{422D7784-81F1-48A3-A278-16E283518B6A}"
EndProject
Project("{FAE04EC0-301F-11D3-BF4B-00C04F79EFBC}") = "NotesAPP.API", "NotesAPP.API\NotesAPP.API.csproj", "{EB6232D3-BE5E-4908-8C8D-C7D7E0623D4C}"
EndProject
Project("{FAE04EC0-301F-11D3-BF4B-00C04F79EFBC}") = "NotesAPP.Web", "NotesAPP.Web\NotesAPP.Web.csproj", "{AFC9B12F-2F01-455E-9655-C78A2C382632}"
EndProject
Global
	GlobalSection(SolutionConfigurationPlatforms) = preSolution
		Debug|Any CPU = Debug|Any CPU
		Release|Any CPU = Release|Any CPU
	EndGlobalSection
	GlobalSection(ProjectConfigurationPlatforms) = postSolution
		{EB6232D3-BE5E-4908-8C8D-C7D7E0623D4C}.Debug|Any CPU.ActiveCfg = Debug|Any CPU
		{EB6232D3-BE5E-4908-8C8D-C7D7E0623D4C}.Debug|Any CPU.Build.0 = Debug|Any CPU
		{EB6232D3-BE5E-4908-8C8D-C7D7E0623D4C}.Release|Any CPU.ActiveCfg = Release|Any CPU
		{EB6232D3-BE5E-4908-8C8D-C7D7E0623D4C}.Release|Any CPU.Build.0 = Release|Any CPU
		{AFC9B12F-2F01-455E-9655-C78A2C382632}.Debug|Any CPU.ActiveCfg = Debug|Any CPU
		{AFC9B12F-2F01-455E-9655-C78A2C382632}.Debug|Any CPU.Build.0 = Debug|Any CPU
		{AFC9B12F-2F01-455E-9655-C78A2C382632}.Release|Any CPU.ActiveCfg = Release|Any CPU
		{AFC9B12F-2F01-455E-9655-C78A2C382632}.Release|Any CPU.Build.0 = Release|Any CPU
	EndGlobalSection
	GlobalSection(SolutionProperties) = preSolution
		HideSolutionNode = FALSE
	EndGlobalSection
	GlobalSection(NestedProjects) = preSolution
		{EB6232D3-BE5E-4908-8C8D-C7D7E0623D4C} = {2BB15F92-688F-495A-9397-255B1CD745EF}
		{AFC9B12F-2F01-455E-9655-C78A2C382632} = {422D7784-81F1-48A3-A278-16E283518B6A}
	EndGlobalSection
	GlobalSection(ExtensibilityGlobals) = postSolution
		SolutionGuid = {B2F747A9-2D65-4BD3-90EE-5E0CDDFE2D76}
	EndGlobalSection
EndGlobal
